// !$*UTF8*$!
{
	archiveVersion = 1;
	classes = {
	};
	objectVersion = 56;
	objects = {

/* Begin PBXBuildFile section */
		100000000000000000000101 /* TimeTableAlarmApp.swift in Sources */ = {isa = PBXBuildFile; fileRef = 100000000000000000000001 /* TimeTableAlarmApp.swift */; };
		100000000000000000000102 /* ContentView.swift in Sources */ = {isa = PBXBuildFile; fileRef = 100000000000000000000002 /* ContentView.swift */; };
		100000000000000000000103 /* Models.swift in Sources */ = {isa = PBXBuildFile; fileRef = 100000000000000000000003 /* Models.swift */; };
		100000000000000000000104 /* ScheduleStore.swift in Sources */ = {isa = PBXBuildFile; fileRef = 100000000000000000000004 /* ScheduleStore.swift */; };
		100000000000000000000105 /* NotificationScheduler.swift in Sources */ = {isa = PBXBuildFile; fileRef = 100000000000000000000005 /* NotificationScheduler.swift */; };
		100000000000000000000106 /* OCRService.swift in Sources */ = {isa = PBXBuildFile; fileRef = 100000000000000000000006 /* OCRService.swift */; };
		100000000000000000000107 /* TodayScheduleView.swift in Sources */ = {isa = PBXBuildFile; fileRef = 100000000000000000000007 /* TodayScheduleView.swift */; };
		100000000000000000000108 /* ScheduleImportView.swift in Sources */ = {isa = PBXBuildFile; fileRef = 100000000000000000000008 /* ScheduleImportView.swift */; };
		100000000000000000000109 /* ScheduleEditorView.swift in Sources */ = {isa = PBXBuildFile; fileRef = 100000000000000000000009 /* ScheduleEditorView.swift */; };
		100000000000000000000110 /* NotificationSettingsView.swift in Sources */ = {isa = PBXBuildFile; fileRef = 100000000000000000000010 /* NotificationSettingsView.swift */; };
		100000000000000000000111 /* Assets.xcassets in Resources */ = {isa = PBXBuildFile; fileRef = 100000000000000000000011 /* Assets.xcassets */; };
		100000000000000000000112 /* NotificationPlannerTests.swift in Sources */ = {isa = PBXBuildFile; fileRef = 100000000000000000000012 /* NotificationPlannerTests.swift */; };
/* End PBXBuildFile section */

/* Begin PBXContainerItemProxy section */
		100000000000000000000201 /* PBXContainerItemProxy */ = {
			isa = PBXContainerItemProxy;
			containerPortal = 100000000000000000000300 /* Project object */;
			proxyType = 1;
			remoteGlobalIDString = 100000000000000000000401;
			remoteInfo = TimeTableAlarm;
		};
/* End PBXContainerItemProxy section */

/* Begin PBXFileReference section */
		100000000000000000000001 /* TimeTableAlarmApp.swift */ = {isa = PBXFileReference; lastKnownFileType = sourcecode.swift; path = TimeTableAlarmApp.swift; sourceTree = "<group>"; };
		100000000000000000000002 /* ContentView.swift */ = {isa = PBXFileReference; lastKnownFileType = sourcecode.swift; path = ContentView.swift; sourceTree = "<group>"; };
		100000000000000000000003 /* Models.swift */ = {isa = PBXFileReference; lastKnownFileType = sourcecode.swift; path = Models.swift; sourceTree = "<group>"; };
		100000000000000000000004 /* ScheduleStore.swift */ = {isa = PBXFileReference; lastKnownFileType = sourcecode.swift; path = ScheduleStore.swift; sourceTree = "<group>"; };
		100000000000000000000005 /* NotificationScheduler.swift */ = {isa = PBXFileReference; lastKnownFileType = sourcecode.swift; path = NotificationScheduler.swift; sourceTree = "<group>"; };
		100000000000000000000006 /* OCRService.swift */ = {isa = PBXFileReference; lastKnownFileType = sourcecode.swift; path = OCRService.swift; sourceTree = "<group>"; };
		100000000000000000000007 /* TodayScheduleView.swift */ = {isa = PBXFileReference; lastKnownFileType = sourcecode.swift; path = TodayScheduleView.swift; sourceTree = "<group>"; };
		100000000000000000000008 /* ScheduleImportView.swift */ = {isa = PBXFileReference; lastKnownFileType = sourcecode.swift; path = ScheduleImportView.swift; sourceTree = "<group>"; };
		100000000000000000000009 /* ScheduleEditorView.swift */ = {isa = PBXFileReference; lastKnownFileType = sourcecode.swift; path = ScheduleEditorView.swift; sourceTree = "<group>"; };
		100000000000000000000010 /* NotificationSettingsView.swift */ = {isa = PBXFileReference; lastKnownFileType = sourcecode.swift; path = NotificationSettingsView.swift; sourceTree = "<group>"; };
		100000000000000000000011 /* Assets.xcassets */ = {isa = PBXFileReference; lastKnownFileType = folder.assetcatalog; path = Assets.xcassets; sourceTree = "<group>"; };
		100000000000000000000012 /* NotificationPlannerTests.swift */ = {isa = PBXFileReference; lastKnownFileType = sourcecode.swift; path = NotificationPlannerTests.swift; sourceTree = "<group>"; };
		100000000000000000000013 /* Info.plist */ = {isa = PBXFileReference; lastKnownFileType = text.plist.xml; path = Info.plist; sourceTree = "<group>"; };
		100000000000000000000014 /* TimeTableAlarm.app */ = {isa = PBXFileReference; explicitFileType = wrapper.application; includeInIndex = 0; path = TimeTableAlarm.app; sourceTree = BUILT_PRODUCTS_DIR; };
		100000000000000000000015 /* TimeTableAlarmTests.xctest */ = {isa = PBXFileReference; explicitFileType = wrapper.cfbundle; includeInIndex = 0; path = TimeTableAlarmTests.xctest; sourceTree = BUILT_PRODUCTS_DIR; };
/* End PBXFileReference section */

/* Begin PBXFrameworksBuildPhase section */
		100000000000000000000501 /* Frameworks */ = {
			isa = PBXFrameworksBuildPhase;
			buildActionMask = 2147483647;
			files = (
			);
			runOnlyForDeploymentPostprocessing = 0;
		};
		100000000000000000000502 /* Frameworks */ = {
			isa = PBXFrameworksBuildPhase;
			buildActionMask = 2147483647;
			files = (
			);
			runOnlyForDeploymentPostprocessing = 0;
		};
/* End PBXFrameworksBuildPhase section */

/* Begin PBXGroup section */
		100000000000000000000301 = {
			isa = PBXGroup;
			children = (
				100000000000000000000302 /* TimeTableAlarm */,
				100000000000000000000303 /* TimeTableAlarmTests */,
				100000000000000000000304 /* Products */,
			);
			sourceTree = "<group>";
		};
		100000000000000000000302 /* TimeTableAlarm */ = {
			isa = PBXGroup;
			children = (
				100000000000000000000001 /* TimeTableAlarmApp.swift */,
				100000000000000000000002 /* ContentView.swift */,
				100000000000000000000003 /* Models.swift */,
				100000000000000000000004 /* ScheduleStore.swift */,
				100000000000000000000005 /* NotificationScheduler.swift */,
				100000000000000000000006 /* OCRService.swift */,
				100000000000000000000007 /* TodayScheduleView.swift */,
				100000000000000000000008 /* ScheduleImportView.swift */,
				100000000000000000000009 /* ScheduleEditorView.swift */,
				100000000000000000000010 /* NotificationSettingsView.swift */,
				100000000000000000000011 /* Assets.xcassets */,
				100000000000000000000013 /* Info.plist */,
			);
			path = TimeTableAlarm;
			sourceTree = "<group>";
		};
		100000000000000000000303 /* TimeTableAlarmTests */ = {
			isa = PBXGroup;
			children = (
				100000000000000000000012 /* NotificationPlannerTests.swift */,
			);
			path = TimeTableAlarmTests;
			sourceTree = "<group>";
		};
		100000000000000000000304 /* Products */ = {
			isa = PBXGroup;
			children = (
				100000000000000000000014 /* TimeTableAlarm.app */,
				100000000000000000000015 /* TimeTableAlarmTests.xctest */,
			);
			name = Products;
			sourceTree = "<group>";
		};
/* End PBXGroup section */

/* Begin PBXNativeTarget section */
		100000000000000000000401 /* TimeTableAlarm */ = {
			isa = PBXNativeTarget;
			buildConfigurationList = 100000000000000000000601 /* Build configuration list for PBXNativeTarget "TimeTableAlarm" */;
			buildPhases = (
				100000000000000000000701 /* Sources */,
				100000000000000000000501 /* Frameworks */,
				100000000000000000000702 /* Resources */,
			);
			buildRules = (
			);
			dependencies = (
			);
			name = TimeTableAlarm;
			productName = TimeTableAlarm;
			productReference = 100000000000000000000014 /* TimeTableAlarm.app */;
			productType = "com.apple.product-type.application";
		};
		100000000000000000000402 /* TimeTableAlarmTests */ = {
			isa = PBXNativeTarget;
			buildConfigurationList = 100000000000000000000602 /* Build configuration list for PBXNativeTarget "TimeTableAlarmTests" */;
			buildPhases = (
				100000000000000000000703 /* Sources */,
				100000000000000000000502 /* Frameworks */,
				100000000000000000000704 /* Resources */,
			);
			buildRules = (
			);
			dependencies = (
				100000000000000000000202 /* PBXTargetDependency */,
			);
			name = TimeTableAlarmTests;
			productName = TimeTableAlarmTests;
			productReference = 100000000000000000000015 /* TimeTableAlarmTests.xctest */;
			productType = "com.apple.product-type.bundle.unit-test";
		};
/* End PBXNativeTarget section */

/* Begin PBXProject section */
		100000000000000000000300 /* Project object */ = {
			isa = PBXProject;
			attributes = {
				BuildIndependentTargetsInParallel = 1;
				LastSwiftUpdateCheck = 1600;
				LastUpgradeCheck = 1600;
				TargetAttributes = {
					100000000000000000000401 = {
						CreatedOnToolsVersion = 16.0;
					};
					100000000000000000000402 = {
						CreatedOnToolsVersion = 16.0;
						TestTargetID = 100000000000000000000401;
					};
				};
			};
			buildConfigurationList = 100000000000000000000600 /* Build configuration list for PBXProject "TimeTableAlarm" */;
			compatibilityVersion = "Xcode 14.0";
			developmentRegion = ko;
			hasScannedForEncodings = 0;
			knownRegions = (
				ko,
				en,
				Base,
			);
			mainGroup = 100000000000000000000301;
			productRefGroup = 100000000000000000000304 /* Products */;
			projectDirPath = "";
			projectRoot = "";
			targets = (
				100000000000000000000401 /* TimeTableAlarm */,
				100000000000000000000402 /* TimeTableAlarmTests */,
			);
		};
/* End PBXProject section */

/* Begin PBXResourcesBuildPhase section */
		100000000000000000000702 /* Resources */ = {
			isa = PBXResourcesBuildPhase;
			buildActionMask = 2147483647;
			files = (
				100000000000000000000111 /* Assets.xcassets in Resources */,
			);
			runOnlyForDeploymentPostprocessing = 0;
		};
		100000000000000000000704 /* Resources */ = {
			isa = PBXResourcesBuildPhase;
			buildActionMask = 2147483647;
			files = (
			);
			runOnlyForDeploymentPostprocessing = 0;
		};
/* End PBXResourcesBuildPhase section */

/* Begin PBXSourcesBuildPhase section */
		100000000000000000000701 /* Sources */ = {
			isa = PBXSourcesBuildPhase;
			buildActionMask = 2147483647;
			files = (
				100000000000000000000101 /* TimeTableAlarmApp.swift in Sources */,
				100000000000000000000102 /* ContentView.swift in Sources */,
				100000000000000000000103 /* Models.swift in Sources */,
				100000000000000000000104 /* ScheduleStore.swift in Sources */,
				100000000000000000000105 /* NotificationScheduler.swift in Sources */,
				100000000000000000000106 /* OCRService.swift in Sources */,
				100000000000000000000107 /* TodayScheduleView.swift in Sources */,
				100000000000000000000108 /* ScheduleImportView.swift in Sources */,
				100000000000000000000109 /* ScheduleEditorView.swift in Sources */,
				100000000000000000000110 /* NotificationSettingsView.swift in Sources */,
			);
			runOnlyForDeploymentPostprocessing = 0;
		};
		100000000000000000000703 /* Sources */ = {
			isa = PBXSourcesBuildPhase;
			buildActionMask = 2147483647;
			files = (
				100000000000000000000112 /* NotificationPlannerTests.swift in Sources */,
			);
			runOnlyForDeploymentPostprocessing = 0;
		};
/* End PBXSourcesBuildPhase section */

/* Begin PBXTargetDependency section */
		100000000000000000000202 /* PBXTargetDependency */ = {
			isa = PBXTargetDependency;
			target = 100000000000000000000401 /* TimeTableAlarm */;
			targetProxy = 100000000000000000000201 /* PBXContainerItemProxy */;
		};
/* End PBXTargetDependency section */

/* Begin XCBuildConfiguration section */
		100000000000000000000801 /* Debug */ = {
			isa = XCBuildConfiguration;
			buildSettings = {
				ALWAYS_SEARCH_USER_PATHS = NO;
				CLANG_ANALYZER_NONNULL = YES;
				CLANG_ANALYZER_NUMBER_OBJECT_CONVERSION = YES_AGGRESSIVE;
				CLANG_CXX_LANGUAGE_STANDARD = "gnu++20";
				CLANG_ENABLE_MODULES = YES;
				CLANG_ENABLE_OBJC_ARC = YES;
				CLANG_ENABLE_OBJC_WEAK = YES;
				CLANG_WARN_BLOCK_CAPTURE_AUTORELEASING = YES;
				CLANG_WARN_BOOL_CONVERSION = YES;
				CLANG_WARN_COMMA = YES;
				CLANG_WARN_CONSTANT_CONVERSION = YES;
				CLANG_WARN_DEPRECATED_OBJC_IMPLEMENTATIONS = YES;
				CLANG_WARN_DIRECT_OBJC_ISA_USAGE = YES_ERROR;
				CLANG_WARN_DOCUMENTATION_COMMENTS = YES;
				CLANG_WARN_EMPTY_BODY = YES;
				CLANG_WARN_ENUM_CONVERSION = YES;
				CLANG_WARN_INFINITE_RECURSION = YES;
				CLANG_WARN_INT_CONVERSION = YES;
				CLANG_WARN_NON_LITERAL_NULL_CONVERSION = YES;
				CLANG_WARN_OBJC_IMPLICIT_RETAIN_SELF = YES;
				CLANG_WARN_OBJC_LITERAL_CONVERSION = YES;
				CLANG_WARN_OBJC_ROOT_CLASS = YES_ERROR;
				CLANG_WARN_QUOTED_INCLUDE_IN_FRAMEWORK_HEADER = YES;
				CLANG_WARN_RANGE_LOOP_ANALYSIS = YES;
				CLANG_WARN_STRICT_PROTOTYPES = YES;
				CLANG_WARN_SUSPICIOUS_MOVE = YES;
				CLANG_WARN_UNGUARDED_AVAILABILITY = YES_AGGRESSIVE;
				CLANG_WARN_UNREACHABLE_CODE = YES;
				CLANG_WARN__DUPLICATE_METHOD_MATCH = YES;
				COPY_PHASE_STRIP = NO;
				DEBUG_INFORMATION_FORMAT = dwarf;
				ENABLE_STRICT_OBJC_MSGSEND = YES;
				ENABLE_TESTABILITY = YES;
				ENABLE_USER_SCRIPT_SANDBOXING = YES;
				GCC_C_LANGUAGE_STANDARD = gnu17;
				GCC_DYNAMIC_NO_PIC = NO;
				GCC_NO_COMMON_BLOCKS = YES;
				GCC_OPTIMIZATION_LEVEL = 0;
				GCC_PREPROCESSOR_DEFINITIONS = (
					"DEBUG=1",
					"$(inherited)",
				);
				GCC_WARN_64_TO_32_BIT_CONVERSION = YES;
				GCC_WARN_ABOUT_RETURN_TYPE = YES_ERROR;
				GCC_WARN_UNDECLARED_SELECTOR = YES;
				GCC_WARN_UNINITIALIZED_AUTOS = YES_AGGRESSIVE;
				GCC_WARN_UNUSED_FUNCTION = YES;
				GCC_WARN_UNUSED_VARIABLE = YES;
				IPHONEOS_DEPLOYMENT_TARGET = 17.0;
				MTL_ENABLE_DEBUG_INFO = INCLUDE_SOURCE;
				MTL_FAST_MATH = YES;
				ONLY_ACTIVE_ARCH = YES;
				SDKROOT = iphoneos;
				SWIFT_ACTIVE_COMPILATION_CONDITIONS = DEBUG;
				SWIFT_OPTIMIZATION_LEVEL = "-Onone";
			};
			name = Debug;
		};
		100000000000000000000802 /* Release */ = {
			isa = XCBuildConfiguration;
			buildSettings = {
				ALWAYS_SEARCH_USER_PATHS = NO;
				CLANG_ANALYZER_NONNULL = YES;
				CLANG_ANALYZER_NUMBER_OBJECT_CONVERSION = YES_AGGRESSIVE;
				CLANG_CXX_LANGUAGE_STANDARD = "gnu++20";
				CLANG_ENABLE_MODULES = YES;
				CLANG_ENABLE_OBJC_ARC = YES;
				CLANG_ENABLE_OBJC_WEAK = YES;
				CLANG_WARN_BLOCK_CAPTURE_AUTORELEASING = YES;
				CLANG_WARN_BOOL_CONVERSION = YES;
				CLANG_WARN_COMMA = YES;
				CLANG_WARN_CONSTANT_CONVERSION = YES;
				CLANG_WARN_DEPRECATED_OBJC_IMPLEMENTATIONS = YES;
				CLANG_WARN_DIRECT_OBJC_ISA_USAGE = YES_ERROR;
				CLANG_WARN_DOCUMENTATION_COMMENTS = YES;
				CLANG_WARN_EMPTY_BODY = YES;
				CLANG_WARN_ENUM_CONVERSION = YES;
				CLANG_WARN_INFINITE_RECURSION = YES;
				CLANG_WARN_INT_CONVERSION = YES;
				CLANG_WARN_NON_LITERAL_NULL_CONVERSION = YES;
				CLANG_WARN_OBJC_IMPLICIT_RETAIN_SELF = YES;
				CLANG_WARN_OBJC_LITERAL_CONVERSION = YES;
				CLANG_WARN_OBJC_ROOT_CLASS = YES_ERROR;
				CLANG_WARN_QUOTED_INCLUDE_IN_FRAMEWORK_HEADER = YES;
				CLANG_WARN_RANGE_LOOP_ANALYSIS = YES;
				CLANG_WARN_STRICT_PROTOTYPES = YES;
				CLANG_WARN_SUSPICIOUS_MOVE = YES;
				CLANG_WARN_UNGUARDED_AVAILABILITY = YES_AGGRESSIVE;
				CLANG_WARN_UNREACHABLE_CODE = YES;
				CLANG_WARN__DUPLICATE_METHOD_MATCH = YES;
				COPY_PHASE_STRIP = NO;
				DEBUG_INFORMATION_FORMAT = "dwarf-with-dsym";
				ENABLE_NS_ASSERTIONS = NO;
				ENABLE_STRICT_OBJC_MSGSEND = YES;
				ENABLE_USER_SCRIPT_SANDBOXING = YES;
				GCC_C_LANGUAGE_STANDARD = gnu17;
				GCC_NO_COMMON_BLOCKS = YES;
				GCC_WARN_64_TO_32_BIT_CONVERSION = YES;
				GCC_WARN_ABOUT_RETURN_TYPE = YES_ERROR;
				GCC_WARN_UNDECLARED_SELECTOR = YES;
				GCC_WARN_UNINITIALIZED_AUTOS = YES_AGGRESSIVE;
				GCC_WARN_UNUSED_FUNCTION = YES;
				GCC_WARN_UNUSED_VARIABLE = YES;
				IPHONEOS_DEPLOYMENT_TARGET = 17.0;
				MTL_ENABLE_DEBUG_INFO = NO;
				MTL_FAST_MATH = YES;
				SDKROOT = iphoneos;
				SWIFT_COMPILATION_MODE = wholemodule;
				VALIDATE_PRODUCT = YES;
			};
			name = Release;
		};
		100000000000000000000803 /* Debug */ = {
			isa = XCBuildConfiguration;
			buildSettings = {
				CODE_SIGN_STYLE = Automatic;
				CURRENT_PROJECT_VERSION = 1;
				DEVELOPMENT_ASSET_PATHS = "";
				DEVELOPMENT_TEAM = "";
				ENABLE_PREVIEWS = YES;
				GENERATE_INFOPLIST_FILE = NO;
				INFOPLIST_FILE = TimeTableAlarm/Info.plist;
				IPHONEOS_DEPLOYMENT_TARGET = 17.0;
				LD_RUNPATH_SEARCH_PATHS = (
					"$(inherited)",
					"@executable_path/Frameworks",
				);
				MARKETING_VERSION = 1.0;
				PRODUCT_BUNDLE_IDENTIFIER = com.example.TimeTableAlarm;
				PRODUCT_NAME = "$(TARGET_NAME)";
				SWIFT_EMIT_LOC_STRINGS = YES;
				SWIFT_VERSION = 5.0;
				TARGETED_DEVICE_FAMILY = "1,2";
			};
			name = Debug;
		};
		100000000000000000000804 /* Release */ = {
			isa = XCBuildConfiguration;
			buildSettings = {
				CODE_SIGN_STYLE = Automatic;
				CURRENT_PROJECT_VERSION = 1;
				DEVELOPMENT_ASSET_PATHS = "";
				DEVELOPMENT_TEAM = "";
				ENABLE_PREVIEWS = YES;
				GENERATE_INFOPLIST_FILE = NO;
				INFOPLIST_FILE = TimeTableAlarm/Info.plist;
				IPHONEOS_DEPLOYMENT_TARGET = 17.0;
				LD_RUNPATH_SEARCH_PATHS = (
					"$(inherited)",
					"@executable_path/Frameworks",
				);
				MARKETING_VERSION = 1.0;
				PRODUCT_BUNDLE_IDENTIFIER = com.example.TimeTableAlarm;
				PRODUCT_NAME = "$(TARGET_NAME)";
				SWIFT_EMIT_LOC_STRINGS = YES;
				SWIFT_VERSION = 5.0;
				TARGETED_DEVICE_FAMILY = "1,2";
			};
			name = Release;
		};
		100000000000000000000805 /* Debug */ = {
			isa = XCBuildConfiguration;
			buildSettings = {
				BUNDLE_LOADER = "$(TEST_HOST)";
				CODE_SIGN_STYLE = Automatic;
				CURRENT_PROJECT_VERSION = 1;
				GENERATE_INFOPLIST_FILE = YES;
				IPHONEOS_DEPLOYMENT_TARGET = 17.0;
				LD_RUNPATH_SEARCH_PATHS = (
					"$(inherited)",
					"@executable_path/Frameworks",
					"@loader_path/Frameworks",
				);
				MARKETING_VERSION = 1.0;
				PRODUCT_BUNDLE_IDENTIFIER = com.example.TimeTableAlarmTests;
				PRODUCT_NAME = "$(TARGET_NAME)";
				SWIFT_VERSION = 5.0;
				TARGETED_DEVICE_FAMILY = "1,2";
				TEST_HOST = "$(BUILT_PRODUCTS_DIR)/TimeTableAlarm.app/$(BUNDLE_EXECUTABLE_FOLDER_PATH)/TimeTableAlarm";
			};
			name = Debug;
		};
		100000000000000000000806 /* Release */ = {
			isa = XCBuildConfiguration;
			buildSettings = {
				BUNDLE_LOADER = "$(TEST_HOST)";
				CODE_SIGN_STYLE = Automatic;
				CURRENT_PROJECT_VERSION = 1;
				GENERATE_INFOPLIST_FILE = YES;
				IPHONEOS_DEPLOYMENT_TARGET = 17.0;
				LD_RUNPATH_SEARCH_PATHS = (
					"$(inherited)",
					"@executable_path/Frameworks",
					"@loader_path/Frameworks",
				);
				MARKETING_VERSION = 1.0;
				PRODUCT_BUNDLE_IDENTIFIER = com.example.TimeTableAlarmTests;
				PRODUCT_NAME = "$(TARGET_NAME)";
				SWIFT_VERSION = 5.0;
				TARGETED_DEVICE_FAMILY = "1,2";
				TEST_HOST = "$(BUILT_PRODUCTS_DIR)/TimeTableAlarm.app/$(BUNDLE_EXECUTABLE_FOLDER_PATH)/TimeTableAlarm";
			};
			name = Release;
		};
/* End XCBuildConfiguration section */

/* Begin XCConfigurationList section */
		100000000000000000000600 /* Build configuration list for PBXProject "TimeTableAlarm" */ = {
			isa = XCConfigurationList;
			buildConfigurations = (
				100000000000000000000801 /* Debug */,
				100000000000000000000802 /* Release */,
			);
			defaultConfigurationIsVisible = 0;
			defaultConfigurationName = Release;
		};
		100000000000000000000601 /* Build configuration list for PBXNativeTarget "TimeTableAlarm" */ = {
			isa = XCConfigurationList;
			buildConfigurations = (
				100000000000000000000803 /* Debug */,
				100000000000000000000804 /* Release */,
			);
			defaultConfigurationIsVisible = 0;
			defaultConfigurationName = Release;
		};
		100000000000000000000602 /* Build configuration list for PBXNativeTarget "TimeTableAlarmTests" */ = {
			isa = XCConfigurationList;
			buildConfigurations = (
				100000000000000000000805 /* Debug */,
				100000000000000000000806 /* Release */,
			);
			defaultConfigurationIsVisible = 0;
			defaultConfigurationName = Release;
		};
/* End XCConfigurationList section */
	};
	rootObject = 100000000000000000000300 /* Project object */;
}
